
Microsoft Visual Studio Solution File, Format Version 12.00
# Visual Studio Version 17
VisualStudioVersion = 17.11.35431.28
MinimumVisualStudioVersion = 10.0.40219.1
Project("{9A19103F-16F7-4668-BE54-9A1E7A4F7556}") = "API", "API\API.csproj", "{6EF58E68-2DB0-441A-A9E1-FB75E31ADB09}"
EndProject
Project("{9A19103F-16F7-4668-BE54-9A1E7A4F7556}") = "Data", "Data\Data.csproj", "{2FCCC661-2F61-4C97-ABD4-6A53D972333D}"
EndProject
Project("{54A90642-561A-4BB1-A94E-469ADEE60C69}") = "react", "React_FE\react.esproj", "{453D5A69-0CA7-4213-A1A9-676BD0D0C9D0}"
EndProject
Global
	GlobalSection(SolutionConfigurationPlatforms) = preSolution
		Debug|Any CPU = Debug|Any CPU
		Release|Any CPU = Release|Any CPU
	EndGlobalSection
	GlobalSection(ProjectConfigurationPlatforms) = postSolution
		{6EF58E68-2DB0-441A-A9E1-FB75E31ADB09}.Debug|Any CPU.ActiveCfg = Debug|Any CPU
		{6EF58E68-2DB0-441A-A9E1-FB75E31ADB09}.Debug|Any CPU.Build.0 = Debug|Any CPU
		{6EF58E68-2DB0-441A-A9E1-FB75E31ADB09}.Release|Any CPU.ActiveCfg = Release|Any CPU
		{6EF58E68-2DB0-441A-A9E1-FB75E31ADB09}.Release|Any CPU.Build.0 = Release|Any CPU
		{2FCCC661-2F61-4C97-ABD4-6A53D972333D}.Debug|Any CPU.ActiveCfg = Debug|Any CPU
		{2FCCC661-2F61-4C97-ABD4-6A53D972333D}.Debug|Any CPU.Build.0 = Debug|Any CPU
		{2FCCC661-2F61-4C97-ABD4-6A53D972333D}.Release|Any CPU.ActiveCfg = Release|Any CPU
		{2FCCC661-2F61-4C97-ABD4-6A53D972333D}.Release|Any CPU.Build.0 = Release|Any CPU
		{453D5A69-0CA7-4213-A1A9-676BD0D0C9D0}.Debug|Any CPU.ActiveCfg = Debug|Any CPU
		{453D5A69-0CA7-4213-A1A9-676BD0D0C9D0}.Debug|Any CPU.Build.0 = Debug|Any CPU
		{453D5A69-0CA7-4213-A1A9-676BD0D0C9D0}.Debug|Any CPU.Deploy.0 = Debug|Any CPU
		{453D5A69-0CA7-4213-A1A9-676BD0D0C9D0}.Release|Any CPU.ActiveCfg = Release|Any CPU
		{453D5A69-0CA7-4213-A1A9-676BD0D0C9D0}.Release|Any CPU.Build.0 = Release|Any CPU
		{453D5A69-0CA7-4213-A1A9-676BD0D0C9D0}.Release|Any CPU.Deploy.0 = Release|Any CPU
	EndGlobalSection
	GlobalSection(SolutionProperties) = preSolution
		HideSolutionNode = FALSE
	EndGlobalSection
	GlobalSection(ExtensibilityGlobals) = postSolution
		SolutionGuid = {6100B5E0-E8B8-4D13-9700-A6BF24D8C29E}
	EndGlobalSection
EndGlobal
